
Microsoft Visual Studio Solution File, Format Version 12.00
Project("{FAE04EC0-301F-11D3-BF4B-00C04F79EFBC}") = "DtoPattern.WebUi", "DtoPattern.WebUi\DtoPattern.WebUi.csproj", "{A8600E30-857A-401E-AD75-ACE4A03F6C2D}"
EndProject
Global
	GlobalSection(SolutionConfigurationPlatforms) = preSolution
		Debug|Any CPU = Debug|Any CPU
		Release|Any CPU = Release|Any CPU
	EndGlobalSection
	GlobalSection(ProjectConfigurationPlatforms) = postSolution
		{A8600E30-857A-401E-AD75-ACE4A03F6C2D}.Debug|Any CPU.ActiveCfg = Debug|Any CPU
		{A8600E30-857A-401E-AD75-ACE4A03F6C2D}.Debug|Any CPU.Build.0 = Debug|Any CPU
		{A8600E30-857A-401E-AD75-ACE4A03F6C2D}.Release|Any CPU.ActiveCfg = Release|Any CPU
		{A8600E30-857A-401E-AD75-ACE4A03F6C2D}.Release|Any CPU.Build.0 = Release|Any CPU
	EndGlobalSection
EndGlobal
